
Microsoft Visual Studio Solution File, Format Version 12.00
# Visual Studio Version 16
VisualStudioVersion = 16.0.31515.178
MinimumVisualStudioVersion = 10.0.40219.1
Project("{888888A0-9F3D-457C-B088-3A5042F75D52}") = "InvoiceLineItemCGS", "InvoiceLineItemCGS.pyproj", "{B0A15035-7D55-4182-85EA-E0866586716A}"
EndProject
Global
	GlobalSection(SolutionConfigurationPlatforms) = preSolution
		Debug|Any CPU = Debug|Any CPU
		Release|Any CPU = Release|Any CPU
	EndGlobalSection
	GlobalSection(ProjectConfigurationPlatforms) = postSolution
		{B0A15035-7D55-4182-85EA-E0866586716A}.Debug|Any CPU.ActiveCfg = Debug|Any CPU
		{B0A15035-7D55-4182-85EA-E0866586716A}.Release|Any CPU.ActiveCfg = Release|Any CPU
	EndGlobalSection
	GlobalSection(SolutionProperties) = preSolution
		HideSolutionNode = FALSE
	EndGlobalSection
	GlobalSection(ExtensibilityGlobals) = postSolution
		SolutionGuid = {F876ED12-A66E-4EF5-BB28-857CD63ED0B1}
	EndGlobalSection
EndGlobal
